// !$*UTF8*$!
{
	archiveVersion = 1;
	classes = {
	};
	objectVersion = 46;
	objects = {

/* Begin PBXBuildFile section */
		7FC54AE719B23ED7000D1EDD /* Foundation.framework in Frameworks */ = {isa = PBXBuildFile; fileRef = 7FC54AE619B23ED7000D1EDD /* Foundation.framework */; };
		7FC54AE919B23ED7000D1EDD /* CoreGraphics.framework in Frameworks */ = {isa = PBXBuildFile; fileRef = 7FC54AE819B23ED7000D1EDD /* CoreGraphics.framework */; };
		7FC54AEB19B23ED7000D1EDD /* UIKit.framework in Frameworks */ = {isa = PBXBuildFile; fileRef = 7FC54AEA19B23ED7000D1EDD /* UIKit.framework */; };
		7FC54AF119B23ED7000D1EDD /* InfoPlist.strings in Resources */ = {isa = PBXBuildFile; fileRef = 7FC54AEF19B23ED7000D1EDD /* InfoPlist.strings */; };
		7FC54AF319B23ED7000D1EDD /* main.m in Sources */ = {isa = PBXBuildFile; fileRef = 7FC54AF219B23ED7000D1EDD /* main.m */; };
		7FC54AF719B23ED7000D1EDD /* AppDelegate.m in Sources */ = {isa = PBXBuildFile; fileRef = 7FC54AF619B23ED7000D1EDD /* AppDelegate.m */; };
		7FC54AFA19B23ED7000D1EDD /* Main.storyboard in Resources */ = {isa = PBXBuildFile; fileRef = 7FC54AF819B23ED7000D1EDD /* Main.storyboard */; };
		7FC54AFD19B23ED7000D1EDD /* ViewController.m in Sources */ = {isa = PBXBuildFile; fileRef = 7FC54AFC19B23ED7000D1EDD /* ViewController.m */; };
		7FC54AFF19B23ED7000D1EDD /* Images.xcassets in Resources */ = {isa = PBXBuildFile; fileRef = 7FC54AFE19B23ED7000D1EDD /* Images.xcassets */; };
		7FC54B0619B23ED7000D1EDD /* XCTest.framework in Frameworks */ = {isa = PBXBuildFile; fileRef = 7FC54B0519B23ED7000D1EDD /* XCTest.framework */; };
		7FC54B0719B23ED7000D1EDD /* Foundation.framework in Frameworks */ = {isa = PBXBuildFile; fileRef = 7FC54AE619B23ED7000D1EDD /* Foundation.framework */; };
		7FC54B0819B23ED7000D1EDD /* UIKit.framework in Frameworks */ = {isa = PBXBuildFile; fileRef = 7FC54AEA19B23ED7000D1EDD /* UIKit.framework */; };
		7FC54B1019B23ED7000D1EDD /* InfoPlist.strings in Resources */ = {isa = PBXBuildFile; fileRef = 7FC54B0E19B23ED7000D1EDD /* InfoPlist.strings */; };
		7FC54B1219B23ED7000D1EDD /* TOY_UIPageControllerTests.m in Sources */ = {isa = PBXBuildFile; fileRef = 7FC54B1119B23ED7000D1EDD /* TOY_UIPageControllerTests.m */; };
		7FC54B1D19B240A1000D1EDD /* PageContentViewController.m in Sources */ = {isa = PBXBuildFile; fileRef = 7FC54B1C19B240A1000D1EDD /* PageContentViewController.m */; };
		7FC54B2319B24735000D1EDD /* page1.png in Resources */ = {isa = PBXBuildFile; fileRef = 7FC54B1F19B24735000D1EDD /* page1.png */; };
		7FC54B2419B24735000D1EDD /* page2.png in Resources */ = {isa = PBXBuildFile; fileRef = 7FC54B2019B24735000D1EDD /* page2.png */; };
		7FC54B2519B24735000D1EDD /* page3.png in Resources */ = {isa = PBXBuildFile; fileRef = 7FC54B2119B24735000D1EDD /* page3.png */; };
		7FC54B2619B24735000D1EDD /* page4.png in Resources */ = {isa = PBXBuildFile; fileRef = 7FC54B2219B24735000D1EDD /* page4.png */; };
/* End PBXBuildFile section */

/* Begin PBXContainerItemProxy section */
		7FC54B0919B23ED7000D1EDD /* PBXContainerItemProxy */ = {
			isa = PBXContainerItemProxy;
			containerPortal = 7FC54ADB19B23ED7000D1EDD /* Project object */;
			proxyType = 1;
			remoteGlobalIDString = 7FC54AE219B23ED7000D1EDD;
			remoteInfo = TOY_UIPageController;
		};
/* End PBXContainerItemProxy section */

/* Begin PBXFileReference section */
		7FC54AE319B23ED7000D1EDD /* TOY_UIPageController.app */ = {isa = PBXFileReference; explicitFileType = wrapper.application; includeInIndex = 0; path = TOY_UIPageController.app; sourceTree = BUILT_PRODUCTS_DIR; };
		7FC54AE619B23ED7000D1EDD /* Foundation.framework */ = {isa = PBXFileReference; lastKnownFileType = wrapper.framework; name = Foundation.framework; path = System/Library/Frameworks/Foundation.framework; sourceTree = SDKROOT; };
		7FC54AE819B23ED7000D1EDD /* CoreGraphics.framework */ = {isa = PBXFileReference; lastKnownFileType = wrapper.framework; name = CoreGraphics.framework; path = System/Library/Frameworks/CoreGraphics.framework; sourceTree = SDKROOT; };
		7FC54AEA19B23ED7000D1EDD /* UIKit.framework */ = {isa = PBXFileReference; lastKnownFileType = wrapper.framework; name = UIKit.framework; path = System/Library/Frameworks/UIKit.framework; sourceTree = SDKROOT; };
		7FC54AEE19B23ED7000D1EDD /* TOY_UIPageController-Info.plist */ = {isa = PBXFileReference; lastKnownFileType = text.plist.xml; path = "TOY_UIPageController-Info.plist"; sourceTree = "<group>"; };
		7FC54AF019B23ED7000D1EDD /* en */ = {isa = PBXFileReference; lastKnownFileType = text.plist.strings; name = en; path = en.lproj/InfoPlist.strings; sourceTree = "<group>"; };
		7FC54AF219B23ED7000D1EDD /* main.m */ = {isa = PBXFileReference; lastKnownFileType = sourcecode.c.objc; path = main.m; sourceTree = "<group>"; };
		7FC54AF419B23ED7000D1EDD /* TOY_UIPageController-Prefix.pch */ = {isa = PBXFileReference; lastKnownFileType = sourcecode.c.h; path = "TOY_UIPageController-Prefix.pch"; sourceTree = "<group>"; };
		7FC54AF519B23ED7000D1EDD /* AppDelegate.h */ = {isa = PBXFileReference; lastKnownFileType = sourcecode.c.h; path = AppDelegate.h; sourceTree = "<group>"; };
		7FC54AF619B23ED7000D1EDD /* AppDelegate.m */ = {isa = PBXFileReference; lastKnownFileType = sourcecode.c.objc; path = AppDelegate.m; sourceTree = "<group>"; };
		7FC54AF919B23ED7000D1EDD /* Base */ = {isa = PBXFileReference; lastKnownFileType = file.storyboard; name = Base; path = Base.lproj/Main.storyboard; sourceTree = "<group>"; };
		7FC54AFB19B23ED7000D1EDD /* ViewController.h */ = {isa = PBXFileReference; lastKnownFileType = sourcecode.c.h; path = ViewController.h; sourceTree = "<group>"; };
		7FC54AFC19B23ED7000D1EDD /* ViewController.m */ = {isa = PBXFileReference; lastKnownFileType = sourcecode.c.objc; path = ViewController.m; sourceTree = "<group>"; };
		7FC54AFE19B23ED7000D1EDD /* Images.xcassets */ = {isa = PBXFileReference; lastKnownFileType = folder.assetcatalog; path = Images.xcassets; sourceTree = "<group>"; };
		7FC54B0419B23ED7000D1EDD /* TOY_UIPageControllerTests.xctest */ = {isa = PBXFileReference; explicitFileType = wrapper.cfbundle; includeInIndex = 0; path = TOY_UIPageControllerTests.xctest; sourceTree = BUILT_PRODUCTS_DIR; };
		7FC54B0519B23ED7000D1EDD /* XCTest.framework */ = {isa = PBXFileReference; lastKnownFileType = wrapper.framework; name = XCTest.framework; path = Library/Frameworks/XCTest.framework; sourceTree = DEVELOPER_DIR; };
		7FC54B0D19B23ED7000D1EDD /* TOY_UIPageControllerTests-Info.plist */ = {isa = PBXFileReference; lastKnownFileType = text.plist.xml; path = "TOY_UIPageControllerTests-Info.plist"; sourceTree = "<group>"; };
		7FC54B0F19B23ED7000D1EDD /* en */ = {isa = PBXFileReference; lastKnownFileType = text.plist.strings; name = en; path = en.lproj/InfoPlist.strings; sourceTree = "<group>"; };
		7FC54B1119B23ED7000D1EDD /* TOY_UIPageControllerTests.m */ = {isa = PBXFileReference; lastKnownFileType = sourcecode.c.objc; path = TOY_UIPageControllerTests.m; sourceTree = "<group>"; };
		7FC54B1B19B240A1000D1EDD /* PageContentViewController.h */ = {isa = PBXFileReference; fileEncoding = 4; lastKnownFileType = sourcecode.c.h; path = PageContentViewController.h; sourceTree = "<group>"; };
		7FC54B1C19B240A1000D1EDD /* PageContentViewController.m */ = {isa = PBXFileReference; fileEncoding = 4; lastKnownFileType = sourcecode.c.objc; path = PageContentViewController.m; sourceTree = "<group>"; };
		7FC54B1F19B24735000D1EDD /* page1.png */ = {isa = PBXFileReference; lastKnownFileType = image.png; path = page1.png; sourceTree = "<group>"; };
		7FC54B2019B24735000D1EDD /* page2.png */ = {isa = PBXFileReference; lastKnownFileType = image.png; path = page2.png; sourceTree = "<group>"; };
		7FC54B2119B24735000D1EDD /* page3.png */ = {isa = PBXFileReference; lastKnownFileType = image.png; path = page3.png; sourceTree = "<group>"; };
		7FC54B2219B24735000D1EDD /* page4.png */ = {isa = PBXFileReference; lastKnownFileType = image.png; path = page4.png; sourceTree = "<group>"; };
/* End PBXFileReference section */

/* Begin PBXFrameworksBuildPhase section */
		7FC54AE019B23ED7000D1EDD /* Frameworks */ = {
			isa = PBXFrameworksBuildPhase;
			buildActionMask = 2147483647;
			files = (
				7FC54AE919B23ED7000D1EDD /* CoreGraphics.framework in Frameworks */,
				7FC54AEB19B23ED7000D1EDD /* UIKit.framework in Frameworks */,
				7FC54AE719B23ED7000D1EDD /* Foundation.framework in Frameworks */,
			);
			runOnlyForDeploymentPostprocessing = 0;
		};
		7FC54B0119B23ED7000D1EDD /* Frameworks */ = {
			isa = PBXFrameworksBuildPhase;
			buildActionMask = 2147483647;
			files = (
				7FC54B0619B23ED7000D1EDD /* XCTest.framework in Frameworks */,
				7FC54B0819B23ED7000D1EDD /* UIKit.framework in Frameworks */,
				7FC54B0719B23ED7000D1EDD /* Foundation.framework in Frameworks */,
			);
			runOnlyForDeploymentPostprocessing = 0;
		};
/* End PBXFrameworksBuildPhase section */

/* Begin PBXGroup section */
		7FC54ADA19B23ED7000D1EDD = {
			isa = PBXGroup;
			children = (
				7FC54B1E19B24724000D1EDD /* Images */,
				7FC54AEC19B23ED7000D1EDD /* TOY_UIPageController */,
				7FC54B0B19B23ED7000D1EDD /* TOY_UIPageControllerTests */,
				7FC54AE519B23ED7000D1EDD /* Frameworks */,
				7FC54AE419B23ED7000D1EDD /* Products */,
			);
			sourceTree = "<group>";
		};
		7FC54AE419B23ED7000D1EDD /* Products */ = {
			isa = PBXGroup;
			children = (
				7FC54AE319B23ED7000D1EDD /* TOY_UIPageController.app */,
				7FC54B0419B23ED7000D1EDD /* TOY_UIPageControllerTests.xctest */,
			);
			name = Products;
			sourceTree = "<group>";
		};
		7FC54AE519B23ED7000D1EDD /* Frameworks */ = {
			isa = PBXGroup;
			children = (
				7FC54AE619B23ED7000D1EDD /* Foundation.framework */,
				7FC54AE819B23ED7000D1EDD /* CoreGraphics.framework */,
				7FC54AEA19B23ED7000D1EDD /* UIKit.framework */,
				7FC54B0519B23ED7000D1EDD /* XCTest.framework */,
			);
			name = Frameworks;
			sourceTree = "<group>";
		};
		7FC54AEC19B23ED7000D1EDD /* TOY_UIPageController */ = {
			isa = PBXGroup;
			children = (
				7FC54AF519B23ED7000D1EDD /* AppDelegate.h */,
				7FC54AF619B23ED7000D1EDD /* AppDelegate.m */,
				7FC54AF819B23ED7000D1EDD /* Main.storyboard */,
				7FC54AFB19B23ED7000D1EDD /* ViewController.h */,
				7FC54AFC19B23ED7000D1EDD /* ViewController.m */,
				7FC54B1B19B240A1000D1EDD /* PageContentViewController.h */,
				7FC54B1C19B240A1000D1EDD /* PageContentViewController.m */,
				7FC54AFE19B23ED7000D1EDD /* Images.xcassets */,
				7FC54AED19B23ED7000D1EDD /* Supporting Files */,
			);
			path = TOY_UIPageController;
			sourceTree = "<group>";
		};
		7FC54AED19B23ED7000D1EDD /* Supporting Files */ = {
			isa = PBXGroup;
			children = (
				7FC54AEE19B23ED7000D1EDD /* TOY_UIPageController-Info.plist */,
				7FC54AEF19B23ED7000D1EDD /* InfoPlist.strings */,
				7FC54AF219B23ED7000D1EDD /* main.m */,
				7FC54AF419B23ED7000D1EDD /* TOY_UIPageController-Prefix.pch */,
			);
			name = "Supporting Files";
			sourceTree = "<group>";
		};
		7FC54B0B19B23ED7000D1EDD /* TOY_UIPageControllerTests */ = {
			isa = PBXGroup;
			children = (
				7FC54B1119B23ED7000D1EDD /* TOY_UIPageControllerTests.m */,
				7FC54B0C19B23ED7000D1EDD /* Supporting Files */,
			);
			path = TOY_UIPageControllerTests;
			sourceTree = "<group>";
		};
		7FC54B0C19B23ED7000D1EDD /* Supporting Files */ = {
			isa = PBXGroup;
			children = (
				7FC54B0D19B23ED7000D1EDD /* TOY_UIPageControllerTests-Info.plist */,
				7FC54B0E19B23ED7000D1EDD /* InfoPlist.strings */,
			);
			name = "Supporting Files";
			sourceTree = "<group>";
		};
		7FC54B1E19B24724000D1EDD /* Images */ = {
			isa = PBXGroup;
			children = (
				7FC54B1F19B24735000D1EDD /* page1.png */,
				7FC54B2019B24735000D1EDD /* page2.png */,
				7FC54B2119B24735000D1EDD /* page3.png */,
				7FC54B2219B24735000D1EDD /* page4.png */,
			);
			name = Images;
			sourceTree = "<group>";
		};
/* End PBXGroup section */

/* Begin PBXNativeTarget section */
		7FC54AE219B23ED7000D1EDD /* TOY_UIPageController */ = {
			isa = PBXNativeTarget;
			buildConfigurationList = 7FC54B1519B23ED7000D1EDD /* Build configuration list for PBXNativeTarget "TOY_UIPageController" */;
			buildPhases = (
				7FC54ADF19B23ED7000D1EDD /* Sources */,
				7FC54AE019B23ED7000D1EDD /* Frameworks */,
				7FC54AE119B23ED7000D1EDD /* Resources */,
			);
			buildRules = (
			);
			dependencies = (
			);
			name = TOY_UIPageController;
			productName = TOY_UIPageController;
			productReference = 7FC54AE319B23ED7000D1EDD /* TOY_UIPageController.app */;
			productType = "com.apple.product-type.application";
		};
		7FC54B0319B23ED7000D1EDD /* TOY_UIPageControllerTests */ = {
			isa = PBXNativeTarget;
			buildConfigurationList = 7FC54B1819B23ED7000D1EDD /* Build configuration list for PBXNativeTarget "TOY_UIPageControllerTests" */;
			buildPhases = (
				7FC54B0019B23ED7000D1EDD /* Sources */,
				7FC54B0119B23ED7000D1EDD /* Frameworks */,
				7FC54B0219B23ED7000D1EDD /* Resources */,
			);
			buildRules = (
			);
			dependencies = (
				7FC54B0A19B23ED7000D1EDD /* PBXTargetDependency */,
			);
			name = TOY_UIPageControllerTests;
			productName = TOY_UIPageControllerTests;
			productReference = 7FC54B0419B23ED7000D1EDD /* TOY_UIPageControllerTests.xctest */;
			productType = "com.apple.product-type.bundle.unit-test";
		};
/* End PBXNativeTarget section */

/* Begin PBXProject section */
		7FC54ADB19B23ED7000D1EDD /* Project object */ = {
			isa = PBXProject;
			attributes = {
				LastUpgradeCheck = 0510;
				ORGANIZATIONNAME = dnthome;
				TargetAttributes = {
					7FC54B0319B23ED7000D1EDD = {
						TestTargetID = 7FC54AE219B23ED7000D1EDD;
					};
				};
			};
			buildConfigurationList = 7FC54ADE19B23ED7000D1EDD /* Build configuration list for PBXProject "TOY_UIPageController" */;
			compatibilityVersion = "Xcode 3.2";
			developmentRegion = English;
			hasScannedForEncodings = 0;
			knownRegions = (
				en,
				Base,
			);
			mainGroup = 7FC54ADA19B23ED7000D1EDD;
			productRefGroup = 7FC54AE419B23ED7000D1EDD /* Products */;
			projectDirPath = "";
			projectRoot = "";
			targets = (
				7FC54AE219B23ED7000D1EDD /* TOY_UIPageController */,
				7FC54B0319B23ED7000D1EDD /* TOY_UIPageControllerTests */,
			);
		};
/* End PBXProject section */

/* Begin PBXResourcesBuildPhase section */
		7FC54AE119B23ED7000D1EDD /* Resources */ = {
			isa = PBXResourcesBuildPhase;
			buildActionMask = 2147483647;
			files = (
				7FC54AFF19B23ED7000D1EDD /* Images.xcassets in Resources */,
				7FC54AF119B23ED7000D1EDD /* InfoPlist.strings in Resources */,
				7FC54B2519B24735000D1EDD /* page3.png in Resources */,
				7FC54B2619B24735000D1EDD /* page4.png in Resources */,
				7FC54B2319B24735000D1EDD /* page1.png in Resources */,
				7FC54AFA19B23ED7000D1EDD /* Main.storyboard in Resources */,
				7FC54B2419B24735000D1EDD /* page2.png in Resources */,
			);
			runOnlyForDeploymentPostprocessing = 0;
		};
		7FC54B0219B23ED7000D1EDD /* Resources */ = {
			isa = PBXResourcesBuildPhase;
			buildActionMask = 2147483647;
			files = (
				7FC54B1019B23ED7000D1EDD /* InfoPlist.strings in Resources */,
			);
			runOnlyForDeploymentPostprocessing = 0;
		};
/* End PBXResourcesBuildPhase section */

/* Begin PBXSourcesBuildPhase section */
		7FC54ADF19B23ED7000D1EDD /* Sources */ = {
			isa = PBXSourcesBuildPhase;
			buildActionMask = 2147483647;
			files = (
				7FC54AFD19B23ED7000D1EDD /* ViewController.m in Sources */,
				7FC54B1D19B240A1000D1EDD /* PageContentViewController.m in Sources */,
				7FC54AF719B23ED7000D1EDD /* AppDelegate.m in Sources */,
				7FC54AF319B23ED7000D1EDD /* main.m in Sources */,
			);
			runOnlyForDeploymentPostprocessing = 0;
		};
		7FC54B0019B23ED7000D1EDD /* Sources */ = {
			isa = PBXSourcesBuildPhase;
			buildActionMask = 2147483647;
			files = (
				7FC54B1219B23ED7000D1EDD /* TOY_UIPageControllerTests.m in Sources */,
			);
			runOnlyForDeploymentPostprocessing = 0;
		};
/* End PBXSourcesBuildPhase section */

/* Begin PBXTargetDependency section */
		7FC54B0A19B23ED7000D1EDD /* PBXTargetDependency */ = {
			isa = PBXTargetDependency;
			target = 7FC54AE219B23ED7000D1EDD /* TOY_UIPageController */;
			targetProxy = 7FC54B0919B23ED7000D1EDD /* PBXContainerItemProxy */;
		};
/* End PBXTargetDependency section */

/* Begin PBXVariantGroup section */
		7FC54AEF19B23ED7000D1EDD /* InfoPlist.strings */ = {
			isa = PBXVariantGroup;
			children = (
				7FC54AF019B23ED7000D1EDD /* en */,
			);
			name = InfoPlist.strings;
			sourceTree = "<group>";
		};
		7FC54AF819B23ED7000D1EDD /* Main.storyboard */ = {
			isa = PBXVariantGroup;
			children = (
				7FC54AF919B23ED7000D1EDD /* Base */,
			);
			name = Main.storyboard;
			sourceTree = "<group>";
		};
		7FC54B0E19B23ED7000D1EDD /* InfoPlist.strings */ = {
			isa = PBXVariantGroup;
			children = (
				7FC54B0F19B23ED7000D1EDD /* en */,
			);
			name = InfoPlist.strings;
			sourceTree = "<group>";
		};
/* End PBXVariantGroup section */

/* Begin XCBuildConfiguration section */
		7FC54B1319B23ED7000D1EDD /* Debug */ = {
			isa = XCBuildConfiguration;
			buildSettings = {
				ALWAYS_SEARCH_USER_PATHS = NO;
				CLANG_CXX_LANGUAGE_STANDARD = "gnu++0x";
				CLANG_CXX_LIBRARY = "libc++";
				CLANG_ENABLE_MODULES = YES;
				CLANG_ENABLE_OBJC_ARC = YES;
				CLANG_WARN_BOOL_CONVERSION = YES;
				CLANG_WARN_CONSTANT_CONVERSION = YES;
				CLANG_WARN_DIRECT_OBJC_ISA_USAGE = YES_ERROR;
				CLANG_WARN_EMPTY_BODY = YES;
				CLANG_WARN_ENUM_CONVERSION = YES;
				CLANG_WARN_INT_CONVERSION = YES;
				CLANG_WARN_OBJC_ROOT_CLASS = YES_ERROR;
				CLANG_WARN__DUPLICATE_METHOD_MATCH = YES;
				"CODE_SIGN_IDENTITY[sdk=iphoneos*]" = "iPhone Developer";
				COPY_PHASE_STRIP = NO;
				GCC_C_LANGUAGE_STANDARD = gnu99;
				GCC_DYNAMIC_NO_PIC = NO;
				GCC_OPTIMIZATION_LEVEL = 0;
				GCC_PREPROCESSOR_DEFINITIONS = (
					"DEBUG=1",
					"$(inherited)",
				);
				GCC_SYMBOLS_PRIVATE_EXTERN = NO;
				GCC_WARN_64_TO_32_BIT_CONVERSION = YES;
				GCC_WARN_ABOUT_RETURN_TYPE = YES_ERROR;
				GCC_WARN_UNDECLARED_SELECTOR = YES;
				GCC_WARN_UNINITIALIZED_AUTOS = YES_AGGRESSIVE;
				GCC_WARN_UNUSED_FUNCTION = YES;
				GCC_WARN_UNUSED_VARIABLE = YES;
				IPHONEOS_DEPLOYMENT_TARGET = 7.1;
				ONLY_ACTIVE_ARCH = YES;
				SDKROOT = iphoneos;
			};
			name = Debug;
		};
		7FC54B1419B23ED7000D1EDD /* Release */ = {
			isa = XCBuildConfiguration;
			buildSettings = {
				ALWAYS_SEARCH_USER_PATHS = NO;
				CLANG_CXX_LANGUAGE_STANDARD = "gnu++0x";
				CLANG_CXX_LIBRARY = "libc++";
				CLANG_ENABLE_MODULES = YES;
				CLANG_ENABLE_OBJC_ARC = YES;
				CLANG_WARN_BOOL_CONVERSION = YES;
				CLANG_WARN_CONSTANT_CONVERSION = YES;
				CLANG_WARN_DIRECT_OBJC_ISA_USAGE = YES_ERROR;
				CLANG_WARN_EMPTY_BODY = YES;
				CLANG_WARN_ENUM_CONVERSION = YES;
				CLANG_WARN_INT_CONVERSION = YES;
				CLANG_WARN_OBJC_ROOT_CLASS = YES_ERROR;
				CLANG_WARN__DUPLICATE_METHOD_MATCH = YES;
				"CODE_SIGN_IDENTITY[sdk=iphoneos*]" = "iPhone Developer";
				COPY_PHASE_STRIP = YES;
				ENABLE_NS_ASSERTIONS = NO;
				GCC_C_LANGUAGE_STANDARD = gnu99;
				GCC_WARN_64_TO_32_BIT_CONVERSION = YES;
				GCC_WARN_ABOUT_RETURN_TYPE = YES_ERROR;
				GCC_WARN_UNDECLARED_SELECTOR = YES;
				GCC_WARN_UNINITIALIZED_AUTOS = YES_AGGRESSIVE;
				GCC_WARN_UNUSED_FUNCTION = YES;
				GCC_WARN_UNUSED_VARIABLE = YES;
				IPHONEOS_DEPLOYMENT_TARGET = 7.1;
				SDKROOT = iphoneos;
				VALIDATE_PRODUCT = YES;
			};
			name = Release;
		};
		7FC54B1619B23ED7000D1EDD /* Debug */ = {
			isa = XCBuildConfiguration;
			buildSettings = {
				ASSETCATALOG_COMPILER_APPICON_NAME = AppIcon;
				ASSETCATALOG_COMPILER_LAUNCHIMAGE_NAME = LaunchImage;
				GCC_PRECOMPILE_PREFIX_HEADER = YES;
				GCC_PREFIX_HEADER = "TOY_UIPageController/TOY_UIPageController-Prefix.pch";
				INFOPLIST_FILE = "TOY_UIPageController/TOY_UIPageController-Info.plist";
				PRODUCT_NAME = "$(TARGET_NAME)";
				WRAPPER_EXTENSION = app;
			};
			name = Debug;
		};
		7FC54B1719B23ED7000D1EDD /* Release */ = {
			isa = XCBuildConfiguration;
			buildSettings = {
				ASSETCATALOG_COMPILER_APPICON_NAME = AppIcon;
				ASSETCATALOG_COMPILER_LAUNCHIMAGE_NAME = LaunchImage;
				GCC_PRECOMPILE_PREFIX_HEADER = YES;
				GCC_PREFIX_HEADER = "TOY_UIPageController/TOY_UIPageController-Prefix.pch";
				INFOPLIST_FILE = "TOY_UIPageController/TOY_UIPageController-Info.plist";
				PRODUCT_NAME = "$(TARGET_NAME)";
				WRAPPER_EXTENSION = app;
			};
			name = Release;
		};
		7FC54B1919B23ED7000D1EDD /* Debug */ = {
			isa = XCBuildConfiguration;
			buildSettings = {
				BUNDLE_LOADER = "$(BUILT_PRODUCTS_DIR)/TOY_UIPageController.app/TOY_UIPageController";
				FRAMEWORK_SEARCH_PATHS = (
					"$(SDKROOT)/Developer/Library/Frameworks",
					"$(inherited)",
					"$(DEVELOPER_FRAMEWORKS_DIR)",
				);
				GCC_PRECOMPILE_PREFIX_HEADER = YES;
				GCC_PREFIX_HEADER = "TOY_UIPageController/TOY_UIPageController-Prefix.pch";
				GCC_PREPROCESSOR_DEFINITIONS = (
					"DEBUG=1",
					"$(inherited)",
				);
				INFOPLIST_FILE = "TOY_UIPageControllerTests/TOY_UIPageControllerTests-Info.plist";
				PRODUCT_NAME = "$(TARGET_NAME)";
				TEST_HOST = "$(BUNDLE_LOADER)";
				WRAPPER_EXTENSION = xctest;
			};
			name = Debug;
		};
		7FC54B1A19B23ED7000D1EDD /* Release */ = {
			isa = XCBuildConfiguration;
			buildSettings = {
				BUNDLE_LOADER = "$(BUILT_PRODUCTS_DIR)/TOY_UIPageController.app/TOY_UIPageController";
				FRAMEWORK_SEARCH_PATHS = (
					"$(SDKROOT)/Developer/Library/Frameworks",
					"$(inherited)",
					"$(DEVELOPER_FRAMEWORKS_DIR)",
				);
				GCC_PRECOMPILE_PREFIX_HEADER = YES;
				GCC_PREFIX_HEADER = "TOY_UIPageController/TOY_UIPageController-Prefix.pch";
				INFOPLIST_FILE = "TOY_UIPageControllerTests/TOY_UIPageControllerTests-Info.plist";
				PRODUCT_NAME = "$(TARGET_NAME)";
				TEST_HOST = "$(BUNDLE_LOADER)";
				WRAPPER_EXTENSION = xctest;
			};
			name = Release;
		};
/* End XCBuildConfiguration section */

/* Begin XCConfigurationList section */
		7FC54ADE19B23ED7000D1EDD /* Build configuration list for PBXProject "TOY_UIPageController" */ = {
			isa = XCConfigurationList;
			buildConfigurations = (
				7FC54B1319B23ED7000D1EDD /* Debug */,
				7FC54B1419B23ED7000D1EDD /* Release */,
			);
			defaultConfigurationIsVisible = 0;
			defaultConfigurationName = Release;
		};
		7FC54B1519B23ED7000D1EDD /* Build configuration list for PBXNativeTarget "TOY_UIPageController" */ = {
			isa = XCConfigurationList;
			buildConfigurations = (
				7FC54B1619B23ED7000D1EDD /* Debug */,
				7FC54B1719B23ED7000D1EDD /* Release */,
			);
			defaultConfigurationIsVisible = 0;
		};
		7FC54B1819B23ED7000D1EDD /* Build configuration list for PBXNativeTarget "TOY_UIPageControllerTests" */ = {
			isa = XCConfigurationList;
			buildConfigurations = (
				7FC54B1919B23ED7000D1EDD /* Debug */,
				7FC54B1A19B23ED7000D1EDD /* Release */,
			);
			defaultConfigurationIsVisible = 0;
		};
/* End XCConfigurationList section */
	};
	rootObject = 7FC54ADB19B23ED7000D1EDD /* Project object */;
}
